PODS:
  - Flutter (1.0.0)
  - image_picker_ios (0.0.1):
    - Flutter
  - path_provider_foundation (0.0.1):
    - Flutter
    - FlutterMacOS
  - social_share (0.0.1):
    - Flutter

DEPENDENCIES:
  - Flutter (from `Flutter`)
  - image_picker_ios (from `.symlinks/plugins/image_picker_ios/ios`)
  - path_provider_foundation (from `.symlinks/plugins/path_provider_foundation/darwin`)
  - social_share (from `.symlinks/plugins/social_share/ios`)

EXTERNAL SOURCES:
  Flutter:
    :path: Flutter
  image_picker_ios:
    :path: ".symlinks/plugins/image_picker_ios/ios"
  path_provider_foundation:
    :path: ".symlinks/plugins/path_provider_foundation/darwin"
  social_share:
    :path: ".symlinks/plugins/social_share/ios"

SPEC CHECKSUMS:
  Flutter: cabc95a1d2626b1b06e7179b784ebcf0c0cde467
  image_picker_ios: 4f2f91b01abdb52842a8e277617df877e40f905b
  path_provider_foundation: 0b743cbb62d8e47eab856f09262bb8c1ddcfe6ba
  social_share: 702a5e3842addd22db515aa9e1e00a4b80a0296d

PODFILE CHECKSUM: d85ddc5f90e8c593f9dc16ef40fc88253b4f8f6b

COCOAPODS: 1.16.2
